
Microsoft Visual Studio Solution File, Format Version 12.00
# Visual Studio Version 16
VisualStudioVersion = 16.0.31410.357
MinimumVisualStudioVersion = 10.0.40219.1
Project("{FAE04EC0-301F-11D3-BF4B-00C04F79EFBC}") = "Disney.Api", "Disney.Api\Disney.Api.csproj", "{1BBAFC4B-BEF3-4D43-8B40-3D5ABA30D149}"
EndProject
Project("{FAE04EC0-301F-11D3-BF4B-00C04F79EFBC}") = "Disney.Core", "Disney.Core\Disney.Core.csproj", "{7B627D2F-8A5D-4985-A4AB-9F584990F3AE}"
EndProject
Project("{FAE04EC0-301F-11D3-BF4B-00C04F79EFBC}") = "Disney.Infraestructure", "Disney.Infraestructure\Disney.Infraestructure.csproj", "{BEC039D2-9413-4E8B-8D71-512BB8D85F30}"
EndProject
Global
	GlobalSection(SolutionConfigurationPlatforms) = preSolution
		Debug|Any CPU = Debug|Any CPU
		Release|Any CPU = Release|Any CPU
	EndGlobalSection
	GlobalSection(ProjectConfigurationPlatforms) = postSolution
		{1BBAFC4B-BEF3-4D43-8B40-3D5ABA30D149}.Debug|Any CPU.ActiveCfg = Debug|Any CPU
		{1BBAFC4B-BEF3-4D43-8B40-3D5ABA30D149}.Debug|Any CPU.Build.0 = Debug|Any CPU
		{1BBAFC4B-BEF3-4D43-8B40-3D5ABA30D149}.Release|Any CPU.ActiveCfg = Release|Any CPU
		{1BBAFC4B-BEF3-4D43-8B40-3D5ABA30D149}.Release|Any CPU.Build.0 = Release|Any CPU
		{7B627D2F-8A5D-4985-A4AB-9F584990F3AE}.Debug|Any CPU.ActiveCfg = Debug|Any CPU
		{7B627D2F-8A5D-4985-A4AB-9F584990F3AE}.Debug|Any CPU.Build.0 = Debug|Any CPU
		{7B627D2F-8A5D-4985-A4AB-9F584990F3AE}.Release|Any CPU.ActiveCfg = Release|Any CPU
		{7B627D2F-8A5D-4985-A4AB-9F584990F3AE}.Release|Any CPU.Build.0 = Release|Any CPU
		{BEC039D2-9413-4E8B-8D71-512BB8D85F30}.Debug|Any CPU.ActiveCfg = Debug|Any CPU
		{BEC039D2-9413-4E8B-8D71-512BB8D85F30}.Debug|Any CPU.Build.0 = Debug|Any CPU
		{BEC039D2-9413-4E8B-8D71-512BB8D85F30}.Release|Any CPU.ActiveCfg = Release|Any CPU
		{BEC039D2-9413-4E8B-8D71-512BB8D85F30}.Release|Any CPU.Build.0 = Release|Any CPU
	EndGlobalSection
	GlobalSection(SolutionProperties) = preSolution
		HideSolutionNode = FALSE
	EndGlobalSection
	GlobalSection(ExtensibilityGlobals) = postSolution
		SolutionGuid = {F9B2ADC5-063C-4D28-AC3B-9B50B2A88DE7}
	EndGlobalSection
EndGlobal
